{
  "object": {
    "pins": [
      {
        "package": "FcaKit",
        "repositoryURL": "https://github.com/rvyjidacek/FcaKit.git",
        "state": {
          "branch": null,
          "revision": "d1621af1873b19c8ad15c345ef997d5f858a61a5",
          "version": "1.2.10"
        }
      }
    ]
  },
  "version": 1
}
