{
  "object": {
    "pins": [
      {
        "package": "FcaKit",
        "repositoryURL": "https://github.com/rvyjidacek/FcaKit.git",
        "state": {
          "branch": null,
          "revision": "15a29987fa4494985f02983f1b4463ce72090364",
          "version": "1.2.2"
        }
      }
    ]
  },
  "version": 1
}
